
Microsoft Visual Studio Solution File, Format Version 12.00
# Visual Studio 2013
VisualStudioVersion = 12.0.21005.1
MinimumVisualStudioVersion = 10.0.40219.1
Project("{FAE04EC0-301F-11D3-BF4B-00C04F79EFBC}") = "Views", "FormViews\Views.csproj", "{126F3E6C-B413-4EE5-B6C5-D71F5DCBE1E9}"
EndProject
Project("{FAE04EC0-301F-11D3-BF4B-00C04F79EFBC}") = "MainLibrary", "MainLibrary\MainLibrary.csproj", "{5635E661-DA28-4EA7-98BC-C619B5DEE487}"
EndProject
Global
	GlobalSection(SolutionConfigurationPlatforms) = preSolution
		Debug|Any CPU = Debug|Any CPU
		Release|Any CPU = Release|Any CPU
	EndGlobalSection
	GlobalSection(ProjectConfigurationPlatforms) = postSolution
		{126F3E6C-B413-4EE5-B6C5-D71F5DCBE1E9}.Debug|Any CPU.ActiveCfg = Debug|Any CPU
		{126F3E6C-B413-4EE5-B6C5-D71F5DCBE1E9}.Debug|Any CPU.Build.0 = Debug|Any CPU
		{126F3E6C-B413-4EE5-B6C5-D71F5DCBE1E9}.Release|Any CPU.ActiveCfg = Release|Any CPU
		{126F3E6C-B413-4EE5-B6C5-D71F5DCBE1E9}.Release|Any CPU.Build.0 = Release|Any CPU
		{5635E661-DA28-4EA7-98BC-C619B5DEE487}.Debug|Any CPU.ActiveCfg = Debug|Any CPU
		{5635E661-DA28-4EA7-98BC-C619B5DEE487}.Debug|Any CPU.Build.0 = Debug|Any CPU
		{5635E661-DA28-4EA7-98BC-C619B5DEE487}.Release|Any CPU.ActiveCfg = Release|Any CPU
		{5635E661-DA28-4EA7-98BC-C619B5DEE487}.Release|Any CPU.Build.0 = Release|Any CPU
	EndGlobalSection
	GlobalSection(SolutionProperties) = preSolution
		HideSolutionNode = FALSE
	EndGlobalSection
EndGlobal
